
Microsoft Visual Studio Solution File, Format Version 12.00
# Visual Studio 15
VisualStudioVersion = 15.0.26403.7
MinimumVisualStudioVersion = 10.0.40219.1
Project("{FAE04EC0-301F-11D3-BF4B-00C04F79EFBC}") = "Builder", "Builder\Builder.csproj", "{943FC10F-32A9-45D0-A12A-03E7DA757C6E}"
EndProject
Project("{FAE04EC0-301F-11D3-BF4B-00C04F79EFBC}") = "TextLib", "TextLib\TextLib.csproj", "{62754661-507E-48DB-8E4C-CE0B8B0210BA}"
EndProject
Global
	GlobalSection(SolutionConfigurationPlatforms) = preSolution
		Debug|Any CPU = Debug|Any CPU
		Release|Any CPU = Release|Any CPU
	EndGlobalSection
	GlobalSection(ProjectConfigurationPlatforms) = postSolution
		{943FC10F-32A9-45D0-A12A-03E7DA757C6E}.Debug|Any CPU.ActiveCfg = Debug|Any CPU
		{943FC10F-32A9-45D0-A12A-03E7DA757C6E}.Debug|Any CPU.Build.0 = Debug|Any CPU
		{943FC10F-32A9-45D0-A12A-03E7DA757C6E}.Release|Any CPU.ActiveCfg = Release|Any CPU
		{943FC10F-32A9-45D0-A12A-03E7DA757C6E}.Release|Any CPU.Build.0 = Release|Any CPU
		{62754661-507E-48DB-8E4C-CE0B8B0210BA}.Debug|Any CPU.ActiveCfg = Debug|Any CPU
		{62754661-507E-48DB-8E4C-CE0B8B0210BA}.Debug|Any CPU.Build.0 = Debug|Any CPU
		{62754661-507E-48DB-8E4C-CE0B8B0210BA}.Release|Any CPU.ActiveCfg = Release|Any CPU
		{62754661-507E-48DB-8E4C-CE0B8B0210BA}.Release|Any CPU.Build.0 = Release|Any CPU
	EndGlobalSection
	GlobalSection(SolutionProperties) = preSolution
		HideSolutionNode = FALSE
	EndGlobalSection
EndGlobal
